# This file is autogenerated, do not edit; changes may be undone by the next 'dep ensure'.


[[projects]]
  branch = "master"
  digest = "1:8a217e04d0dd69539306dc0170904a45489875c353756d66652188a8389f89db"
  name = "bazil.org/fuse"
  packages = [
    ".",
    "fs",
    "fuseutil",
  ]
  pruneopts = "U"
  revision = "65cc252bf6691cb3c7014bcb2c8dc29de91e3a7e"

[[projects]]
  branch = "master"
  digest = "1:02a6a9eb4f7fb79cf538e94d1741bc45a0dad765036ff0d9194973c2efbe85bd"
  name = "github.com/agl/ed25519"
  packages = [
    ".",
    "edwards25519",
    "extra25519",
  ]
  pruneopts = "U"
  revision = "5312a61534124124185d41f09206b9fef1d88403"

[[projects]]
  branch = "master"
  digest = "1:02796fed67c64543bfe3343b26cdc9a221bca2d83e8c7dcf35b5b70f6b5b9c56"
  name = "github.com/bren2010/proquint"
  packages = ["."]
  pruneopts = "U"
  revision = "38337c27106d8f06e9b5cddc6df973ceece1c8ea"

[[projects]]
  branch = "master"
  digest = "1:632cc65b3925a429374354b4d2214bcc81aca1f7f428340db62dadf8e2b2811e"
  name = "github.com/btcsuite/btcd"
  packages = ["btcec"]
  pruneopts = "U"
  revision = "79e00513b1011888b1e675157ab89f527f901cae"

[[projects]]
  digest = "1:f619cb9b07aebe5416262cdd8b86082e8d5bdc5264cb3b615ff858df0b645f97"
  name = "github.com/cenkalti/backoff"
  packages = ["."]
  pruneopts = "U"
  revision = "2ea60e5f094469f9e65adb9cd103795b73ae743e"
  version = "v2.0.0"

[[projects]]
  digest = "1:31f3d86da6e6e971e3603ed663121c4f0744d3e4c4db67f3f83a35cb48893b90"
  name = "github.com/coreos/go-semver"
  packages = ["semver"]
  pruneopts = "U"
  revision = "8ab6407b697782a06568d4b7f1db25550ec2e4c6"
  version = "v0.2.0"

[[projects]]
  branch = "master"
  digest = "1:e6d887bfd2efa79b9d1c79747a8d17d0432eda6e491a900d8577cff9cd7cf819"
  name = "github.com/davidlazar/go-crypto"
  packages = ["salsa20"]
  pruneopts = "U"
  revision = "dcfb0a7ac018a248366f96bcd8a2f8c805d7b268"

[[projects]]
  digest = "1:d1341a04a4443bba8c8af76ec6c3960206074490a1284b4853ff5a88a66c63b7"
  name = "github.com/fd/go-nat"
  packages = ["."]
  pruneopts = "U"
  revision = "bad65a492f32121a87197f4a085905c35e2a367e"
  version = "v1.0.0"

[[projects]]
  digest = "1:6efef70f8a0536abf11c3f1111f958426925cc9f8aaf1cc16ff35238769280c1"
  name = "github.com/gogo/protobuf"
  packages = [
    "io",
    "proto",
  ]
  pruneopts = "U"
  revision = "636bf0302bc95575d69441b25a2603156ffdddf1"
  version = "v1.1.1"

[[projects]]
  digest = "1:f4415850a800c71a2dcd2c4dac97bfda4b5d8443644e54214525e64468fc57e3"
  name = "github.com/golang/protobuf"
  packages = ["proto"]
  pruneopts = "U"
  revision = "aa810b61a9c79d51363740d207bb46cf8e620ed5"
  version = "v1.2.0"

[[projects]]
  digest = "1:9fc6d58c764d02ed65650f2d7ccc722c73c9867a824063954ad3ffea4ee89b58"
  name = "github.com/gorilla/websocket"
  packages = ["."]
  pruneopts = "U"
  revision = "3ff3320c2a1756a3691521efc290b4701575147c"
  version = "v1.3.0"

[[projects]]
  branch = "master"
  digest = "1:585778d8b2e484ba1c571f2733c796b95d561463d0b90ae4aa288d081b0fd625"
  name = "github.com/gxed/hashland"
  packages = ["keccakpg"]
  pruneopts = "U"
  revision = "d9f6b97f8db22dd1e090fd0bbbe98f09cc7dd0a8"

[[projects]]
  digest = "1:8e3bd93036b4a925fe2250d3e4f38f21cadb8ef623561cd80c3c50c114b13201"
  name = "github.com/hashicorp/errwrap"
  packages = ["."]
  pruneopts = "U"
  revision = "8a6fb523712970c966eefc6b39ed2c5e74880354"
  version = "v1.0.0"

[[projects]]
  digest = "1:72308fdd6d5ef61106a95be7ca72349a5565809042b6426a3cfb61d99483b824"
  name = "github.com/hashicorp/go-multierror"
  packages = ["."]
  pruneopts = "U"
  revision = "886a7fbe3eb1c874d46f623bfa70af45f425b3d1"
  version = "v1.0.0"

[[projects]]
  branch = "master"
  digest = "1:9c776d7d9c54b7ed89f119e449983c3f24c0023e75001d6092442412ebca6b94"
  name = "github.com/hashicorp/golang-lru"
  packages = [
    ".",
    "simplelru",
  ]
  pruneopts = "U"
  revision = "0fb14efe8c47ae851c0034ed7a448854d3d34cf3"

[[projects]]
  branch = "master"
  digest = "1:aa2d4dcc7fa95554d261d3668069ce2874e2477d37c2f24b2761e1c1de994c4a"
  name = "github.com/huin/goupnp"
  packages = [
    ".",
    "dcps/internetgateway1",
    "dcps/internetgateway2",
    "httpu",
    "scpd",
    "soap",
    "ssdp",
  ]
  pruneopts = "U"
  revision = "1395d1447324cbea88d249fbfcfd70ea878fdfca"

[[projects]]
  digest = "1:45e155f757e494be60a4dd325a2005e1e806ba1178e9456501bd419515ee20df"
  name = "github.com/ipsn/go-ipfs"
  packages = [
    "Godeps/_workspace/src/github.com/mitchellh/go-homedir",
    "blockservice",
    "core",
    "exchange/bitswap",
    "exchange/bitswap/decision",
    "exchange/bitswap/message",
    "exchange/bitswap/message/pb",
    "exchange/bitswap/network",
    "exchange/bitswap/notifications",
    "exchange/bitswap/testnet",
    "exchange/bitswap/wantlist",
    "exchange/reprovide",
    "filestore",
    "filestore/pb",
    "fuse/mount",
    "gxlibs/github.com/Stebalien/go-bitfield",
    "gxlibs/github.com/gxed/GoEndian",
    "gxlibs/github.com/gxed/eventfd",
    "gxlibs/github.com/gxed/pubsub",
    "gxlibs/github.com/ipfs/bbloom",
    "gxlibs/github.com/ipfs/go-block-format",
    "gxlibs/github.com/ipfs/go-cid",
    "gxlibs/github.com/ipfs/go-datastore",
    "gxlibs/github.com/ipfs/go-datastore/autobatch",
    "gxlibs/github.com/ipfs/go-datastore/delayed",
    "gxlibs/github.com/ipfs/go-datastore/keytransform",
    "gxlibs/github.com/ipfs/go-datastore/namespace",
    "gxlibs/github.com/ipfs/go-datastore/query",
    "gxlibs/github.com/ipfs/go-datastore/retrystore",
    "gxlibs/github.com/ipfs/go-datastore/sync",
    "gxlibs/github.com/ipfs/go-ipfs-addr",
    "gxlibs/github.com/ipfs/go-ipfs-blockstore",
    "gxlibs/github.com/ipfs/go-ipfs-chunker",
    "gxlibs/github.com/ipfs/go-ipfs-cmdkit/files",
    "gxlibs/github.com/ipfs/go-ipfs-delay",
    "gxlibs/github.com/ipfs/go-ipfs-ds-help",
    "gxlibs/github.com/ipfs/go-ipfs-exchange-interface",
    "gxlibs/github.com/ipfs/go-ipfs-exchange-offline",
    "gxlibs/github.com/ipfs/go-ipfs-flags",
    "gxlibs/github.com/ipfs/go-ipfs-posinfo",
    "gxlibs/github.com/ipfs/go-ipfs-pq",
    "gxlibs/github.com/ipfs/go-ipfs-routing/mock",
    "gxlibs/github.com/ipfs/go-ipfs-routing/none",
    "gxlibs/github.com/ipfs/go-ipfs-routing/offline",
    "gxlibs/github.com/ipfs/go-ipfs-util",
    "gxlibs/github.com/ipfs/go-ipld-cbor",
    "gxlibs/github.com/ipfs/go-ipld-format",
    "gxlibs/github.com/ipfs/go-ipns",
    "gxlibs/github.com/ipfs/go-ipns/pb",
    "gxlibs/github.com/ipfs/go-log",
    "gxlibs/github.com/ipfs/go-log/tracer",
    "gxlibs/github.com/ipfs/go-log/tracer/wire",
    "gxlibs/github.com/ipfs/go-log/writer",
    "gxlibs/github.com/ipfs/go-metrics-interface",
    "gxlibs/github.com/ipfs/go-todocounter",
    "gxlibs/github.com/jbenet/goprocess",
    "gxlibs/github.com/jbenet/goprocess/context",
    "gxlibs/github.com/jbenet/goprocess/periodic",
    "gxlibs/github.com/libp2p/go-addr-util",
    "gxlibs/github.com/libp2p/go-conn-security",
    "gxlibs/github.com/libp2p/go-conn-security-multistream",
    "gxlibs/github.com/libp2p/go-conn-security/insecure",
    "gxlibs/github.com/libp2p/go-floodsub",
    "gxlibs/github.com/libp2p/go-floodsub/pb",
    "gxlibs/github.com/libp2p/go-flow-metrics",
    "gxlibs/github.com/libp2p/go-libp2p",
    "gxlibs/github.com/libp2p/go-libp2p-circuit",
    "gxlibs/github.com/libp2p/go-libp2p-circuit/pb",
    "gxlibs/github.com/libp2p/go-libp2p-connmgr",
    "gxlibs/github.com/libp2p/go-libp2p-crypto",
    "gxlibs/github.com/libp2p/go-libp2p-crypto/pb",
    "gxlibs/github.com/libp2p/go-libp2p-host",
    "gxlibs/github.com/libp2p/go-libp2p-interface-connmgr",
    "gxlibs/github.com/libp2p/go-libp2p-interface-pnet",
    "gxlibs/github.com/libp2p/go-libp2p-kad-dht",
    "gxlibs/github.com/libp2p/go-libp2p-kad-dht/opts",
    "gxlibs/github.com/libp2p/go-libp2p-kad-dht/pb",
    "gxlibs/github.com/libp2p/go-libp2p-kad-dht/providers",
    "gxlibs/github.com/libp2p/go-libp2p-kbucket",
    "gxlibs/github.com/libp2p/go-libp2p-kbucket/keyspace",
    "gxlibs/github.com/libp2p/go-libp2p-loggables",
    "gxlibs/github.com/libp2p/go-libp2p-metrics",
    "gxlibs/github.com/libp2p/go-libp2p-nat",
    "gxlibs/github.com/libp2p/go-libp2p-net",
    "gxlibs/github.com/libp2p/go-libp2p-netutil",
    "gxlibs/github.com/libp2p/go-libp2p-peer",
    "gxlibs/github.com/libp2p/go-libp2p-peer/peerset",
    "gxlibs/github.com/libp2p/go-libp2p-peer/test",
    "gxlibs/github.com/libp2p/go-libp2p-peerstore",
    "gxlibs/github.com/libp2p/go-libp2p-peerstore/addr",
    "gxlibs/github.com/libp2p/go-libp2p-peerstore/queue",
    "gxlibs/github.com/libp2p/go-libp2p-pnet",
    "gxlibs/github.com/libp2p/go-libp2p-protocol",
    "gxlibs/github.com/libp2p/go-libp2p-pubsub-router",
    "gxlibs/github.com/libp2p/go-libp2p-record",
    "gxlibs/github.com/libp2p/go-libp2p-record/pb",
    "gxlibs/github.com/libp2p/go-libp2p-routing",
    "gxlibs/github.com/libp2p/go-libp2p-routing-helpers",
    "gxlibs/github.com/libp2p/go-libp2p-routing/notifications",
    "gxlibs/github.com/libp2p/go-libp2p-routing/options",
    "gxlibs/github.com/libp2p/go-libp2p-secio",
    "gxlibs/github.com/libp2p/go-libp2p-secio/pb",
    "gxlibs/github.com/libp2p/go-libp2p-swarm",
    "gxlibs/github.com/libp2p/go-libp2p-transport",
    "gxlibs/github.com/libp2p/go-libp2p-transport-upgrader",
    "gxlibs/github.com/libp2p/go-libp2p/config",
    "gxlibs/github.com/libp2p/go-libp2p/p2p/discovery",
    "gxlibs/github.com/libp2p/go-libp2p/p2p/host/basic",
    "gxlibs/github.com/libp2p/go-libp2p/p2p/host/routed",
    "gxlibs/github.com/libp2p/go-libp2p/p2p/net/mock",
    "gxlibs/github.com/libp2p/go-libp2p/p2p/protocol/identify",
    "gxlibs/github.com/libp2p/go-libp2p/p2p/protocol/identify/pb",
    "gxlibs/github.com/libp2p/go-libp2p/p2p/protocol/ping",
    "gxlibs/github.com/libp2p/go-maddr-filter",
    "gxlibs/github.com/libp2p/go-msgio",
    "gxlibs/github.com/libp2p/go-msgio/mpool",
    "gxlibs/github.com/libp2p/go-reuseport",
    "gxlibs/github.com/libp2p/go-reuseport-transport",
    "gxlibs/github.com/libp2p/go-reuseport/poll",
    "gxlibs/github.com/libp2p/go-reuseport/singlepoll",
    "gxlibs/github.com/libp2p/go-sockaddr/net",
    "gxlibs/github.com/libp2p/go-stream-muxer",
    "gxlibs/github.com/libp2p/go-tcp-transport",
    "gxlibs/github.com/libp2p/go-testutil",
    "gxlibs/github.com/libp2p/go-ws-transport",
    "gxlibs/github.com/multiformats/go-multiaddr",
    "gxlibs/github.com/multiformats/go-multiaddr-dns",
    "gxlibs/github.com/multiformats/go-multiaddr-net",
    "gxlibs/github.com/multiformats/go-multibase",
    "gxlibs/github.com/multiformats/go-multicodec",
    "gxlibs/github.com/multiformats/go-multicodec/base",
    "gxlibs/github.com/multiformats/go-multicodec/base/b64",
    "gxlibs/github.com/multiformats/go-multicodec/base/bin",
    "gxlibs/github.com/multiformats/go-multicodec/base/hex",
    "gxlibs/github.com/multiformats/go-multicodec/base/mux",
    "gxlibs/github.com/multiformats/go-multicodec/cbor",
    "gxlibs/github.com/multiformats/go-multicodec/json",
    "gxlibs/github.com/multiformats/go-multicodec/mux",
    "gxlibs/github.com/multiformats/go-multihash",
    "gxlibs/github.com/multiformats/go-multistream",
    "gxlibs/github.com/whyrusleeping/base32",
    "gxlibs/github.com/whyrusleeping/cbor/go",
    "gxlibs/github.com/whyrusleeping/chunker",
    "gxlibs/github.com/whyrusleeping/go-keyspace",
    "gxlibs/github.com/whyrusleeping/go-multiplex",
    "gxlibs/github.com/whyrusleeping/go-notifier",
    "gxlibs/github.com/whyrusleeping/go-notifier/Godeps/_workspace/src/github.com/jbenet/goprocess",
    "gxlibs/github.com/whyrusleeping/go-notifier/Godeps/_workspace/src/github.com/jbenet/goprocess/ratelimit",
    "gxlibs/github.com/whyrusleeping/go-smux-multiplex",
    "gxlibs/github.com/whyrusleeping/go-smux-multistream",
    "gxlibs/github.com/whyrusleeping/go-smux-yamux",
    "gxlibs/github.com/whyrusleeping/mafmt",
    "gxlibs/github.com/whyrusleeping/mdns",
    "gxlibs/github.com/whyrusleeping/multiaddr-filter",
    "gxlibs/github.com/whyrusleeping/timecache",
    "gxlibs/github.com/whyrusleeping/yamux",
    "importer/helpers",
    "importer/trickle",
    "keystore",
    "merkledag",
    "merkledag/pb",
    "merkledag/utils",
    "mfs",
    "namesys",
    "namesys/opts",
    "namesys/republisher",
    "p2p",
    "path",
    "path/resolver",
    "pin",
    "pin/internal/pb",
    "repo",
    "repo/config",
    "thirdparty/math2",
    "thirdparty/verifbs",
    "thirdparty/verifcid",
    "unixfs",
    "unixfs/hamt",
    "unixfs/io",
    "unixfs/mod",
    "unixfs/pb",
  ]
  pruneopts = "U"
  revision = "49cda78d23e6837df7697c07766b60fd422216b8"

[[projects]]
  digest = "1:69ba018801f808073bbbb2fc000112bf4c163284a76c0149eb45c5e521da80eb"
  name = "github.com/jackpal/gateway"
  packages = ["."]
  pruneopts = "U"
  revision = "3e333950771011fed13be63e62b9f473c5e0d9bf"
  version = "v1.0.4"

[[projects]]
  digest = "1:76f836364ae83ed811c415aa92e1209ce49de9f62aad85b85fca749a8b96a110"
  name = "github.com/jackpal/go-nat-pmp"
  packages = ["."]
  pruneopts = "U"
  revision = "c9cfead9f2a36ddf3daa40ba269aa7f4bbba6b62"
  version = "v1.0.1"

[[projects]]
  branch = "master"
  digest = "1:f63868a5854b1ebde943be9c7b8ce5731db3a26ba81c9bf79b4400069b04f8f6"
  name = "github.com/jbenet/go-context"
  packages = ["io"]
  pruneopts = "U"
  revision = "d14ea06fba99483203c19d92cfcd13ebe73135f4"

[[projects]]
  branch = "master"
  digest = "1:5e6ca29603139dadd63d6fd606d25d138b1511746b25a3d7d5812ba0edd51adf"
  name = "github.com/jbenet/go-is-domain"
  packages = ["."]
  pruneopts = "U"
  revision = "ba9815c809e0dc052e170d8a8920c4636a819977"

[[projects]]
  branch = "master"
  digest = "1:4a62d705ed1788fe1dae6e79a5f1b33a9b424a22c05a8d4235a1b8baea59792a"
  name = "github.com/jbenet/go-temp-err-catcher"
  packages = ["."]
  pruneopts = "U"
  revision = "aac704a3f4f27190b4ccc05f303a4931fd1241ff"

[[projects]]
  digest = "1:8edc6deaf0507aa108ca0d527c0b482fef56d91507e2ebd1a24f8de902d82965"
  name = "github.com/mattn/go-colorable"
  packages = ["."]
  pruneopts = "U"
  revision = "167de6bfdfba052fa6b2d3664c8f5272e23c9072"
  version = "v0.0.9"

[[projects]]
  digest = "1:78229b46ddb7434f881390029bd1af7661294af31f6802e0e1bedaad4ab0af3c"
  name = "github.com/mattn/go-isatty"
  packages = ["."]
  pruneopts = "U"
  revision = "0360b2af4f38e8d38c7fce2a9f4e702702d73a39"
  version = "v0.0.3"

[[projects]]
  digest = "1:649af89e9c326405d57098d82bfd3e8ea6881b65edf15ead690e077cf1f713ad"
  name = "github.com/miekg/dns"
  packages = ["."]
  pruneopts = "U"
  revision = "5a2b9fab83ff0f8bfc99684bd5f43a37abe560f1"
  version = "v1.0.8"

[[projects]]
  branch = "master"
  digest = "1:c485395b7f2482c29d261f62e1bc2d263de703eb02a6dba83c62810981b5860f"
  name = "github.com/minio/blake2b-simd"
  packages = ["."]
  pruneopts = "U"
  revision = "3f5f724cb5b182a5c278d6d3d55b40e7f8c2efb4"

[[projects]]
  branch = "master"
  digest = "1:8c858d71f32ba76c660a590f352fdd474c8d33a2eea2c9453a0ed3ae636d63e3"
  name = "github.com/minio/sha256-simd"
  packages = ["."]
  pruneopts = "U"
  revision = "ad98a36ba0da87206e3378c556abbfeaeaa98668"

[[projects]]
  branch = "master"
  digest = "1:c7a471b0896aeda9b5034a9460e85cdcd2c8d0873871000b928bdb9b2bcc70bb"
  name = "github.com/mr-tron/base58"
  packages = ["base58"]
  pruneopts = "U"
  revision = "f84df45a6b88974a98d1473e9f0de0eac859a3d9"

[[projects]]
  digest = "1:e966fe7b9f8da0e20dddbb4815a9cc0586686a1590f980c6a869172f6b612cf6"
  name = "github.com/opentracing/opentracing-go"
  packages = [
    ".",
    "ext",
    "log",
  ]
  pruneopts = "U"
  revision = "1949ddbfd147afd4d964a9f00b24eb291e0e7c38"
  version = "v1.0.2"

[[projects]]
  digest = "1:d4fec58ef1540ef89350bf22c25e013a9f9f57de12180d9067a1e25a5925d99b"
  name = "github.com/satori/go.uuid"
  packages = ["."]
  pruneopts = "U"
  revision = "36e9d2ebbde5e3f13ab2e25625fd453271d6522e"

[[projects]]
  digest = "1:633b5b39909d9d794f5543baee4971890e1866f5c082cdf4694954c1ff489a18"
  name = "github.com/spaolacci/murmur3"
  packages = ["."]
  pruneopts = "U"
  revision = "9f5d223c60793748f04a9d5b4b4eacddfc1f755d"
  version = "v1.1"

[[projects]]
  branch = "master"
  digest = "1:fa6d88881ef4584a19d3c2f8136617f381d504277582e86bf62b0122c23bbfbd"
  name = "github.com/whyrusleeping/go-logging"
  packages = ["."]
  pruneopts = "U"
  revision = "0457bb6b88fc1973573aaf6b5145d8d3ae972390"

[[projects]]
  branch = "master"
  digest = "1:021fd8aa9e7fcc834cab3cd96d934351689c64da14a4fddf9f8951b138004591"
  name = "golang.org/x/crypto"
  packages = [
    "blake2s",
    "blowfish",
    "ed25519",
    "ed25519/internal/edwards25519",
    "internal/subtle",
    "salsa20",
    "salsa20/salsa",
    "sha3",
  ]
  pruneopts = "U"
  revision = "614d502a4dac94afa3a6ce146bd1736da82514c6"

[[projects]]
  branch = "master"
  digest = "1:7e7972b2be4dd3593fb697371cb8e5f3b73d9dde777206751e5b495e7db6c52d"
  name = "golang.org/x/net"
  packages = [
    "bpf",
    "context",
    "html",
    "html/atom",
    "html/charset",
    "internal/iana",
    "internal/socket",
    "ipv4",
    "ipv6",
  ]
  pruneopts = "U"
  revision = "8a410e7b638dca158bf9e766925842f6651ff828"

[[projects]]
  branch = "master"
  digest = "1:8a62b4d552b35f7ac54def5590d877cb1541c61ef08f052f89b7f5c8cf137fad"
  name = "golang.org/x/sys"
  packages = [
    "cpu",
    "unix",
    "windows",
  ]
  pruneopts = "U"
  revision = "d99a578cf41bfccdeaf48b0845c823a4b8b0ad5e"

[[projects]]
  digest = "1:c60edb746a007b670c3ee8e63225510069abb6127ef8a48cfc99c68ce0038019"
  name = "golang.org/x/text"
  packages = [
    "encoding",
    "encoding/charmap",
    "encoding/htmlindex",
    "encoding/internal",
    "encoding/internal/identifier",
    "encoding/japanese",
    "encoding/korean",
    "encoding/simplifiedchinese",
    "encoding/traditionalchinese",
    "encoding/unicode",
    "internal/gen",
    "internal/tag",
    "internal/utf8internal",
    "language",
    "runes",
    "transform",
    "unicode/cldr",
  ]
  pruneopts = "U"
  revision = "f21a4dfb5e38f5895301dc265a8def02365cc3d0"
  version = "v0.3.0"

[solve-meta]
  analyzer-name = "dep"
  analyzer-version = 1
  input-imports = [
    "github.com/ipsn/go-ipfs/core",
    "github.com/ipsn/go-ipfs/gxlibs/github.com/ipfs/go-ipld-cbor",
    "github.com/ipsn/go-ipfs/gxlibs/github.com/ipfs/go-log",
    "github.com/ipsn/go-ipfs/gxlibs/github.com/multiformats/go-multihash",
    "github.com/ipsn/go-ipfs/pin",
  ]
  solver-name = "gps-cdcl"
  solver-version = 1
