# This file is autogenerated, do not edit; changes may be undone by the next 'dep ensure'.


[[projects]]
  digest = "1:f52b5820f0f1197c1a896db118183216786fc7bb5a759d7e272d2e50cd1e6a8b"
  name = "bazil.org/fuse"
  packages = [
    ".",
    "fs",
    "fuseutil",
  ]
  pruneopts = "UT"
  revision = "e4fcc9a2c7567d1c42861deebeb483315d222262"

[[projects]]
  branch = "master"
  digest = "1:4cf11742b199ab3aacf26b00187e72f7ff8ba2145f363b74f295d54f098f79e4"
  name = "github.com/agl/ed25519"
  packages = [
    ".",
    "edwards25519",
    "extra25519",
  ]
  pruneopts = "UT"
  revision = "5312a61534124124185d41f09206b9fef1d88403"

[[projects]]
  branch = "master"
  digest = "1:02796fed67c64543bfe3343b26cdc9a221bca2d83e8c7dcf35b5b70f6b5b9c56"
  name = "github.com/bren2010/proquint"
  packages = ["."]
  pruneopts = "UT"
  revision = "38337c27106d8f06e9b5cddc6df973ceece1c8ea"

[[projects]]
  branch = "master"
  digest = "1:2c00f064ba355903866cbfbf3f7f4c0fe64af6638cc7d1b8bdcf3181bc67f1d8"
  name = "github.com/btcsuite/btcd"
  packages = ["btcec"]
  pruneopts = "UT"
  revision = "d81d8877b8f327112e94e814937143a71d1692a7"

[[projects]]
  digest = "1:2209584c0f7c9b68c23374e659357ab546e1b70eec2761f03280f69a8fd23d77"
  name = "github.com/cenkalti/backoff"
  packages = ["."]
  pruneopts = "UT"
  revision = "2ea60e5f094469f9e65adb9cd103795b73ae743e"
  version = "v2.0.0"

[[projects]]
  digest = "1:0ef770954bca104ee99b3b6b7f9b240605ac03517d9f98cbc1893daa03f3c038"
  name = "github.com/coreos/go-semver"
  packages = ["semver"]
  pruneopts = "UT"
  revision = "8ab6407b697782a06568d4b7f1db25550ec2e4c6"
  version = "v0.2.0"

[[projects]]
  branch = "master"
  digest = "1:ff0db56095c10bcdbf92ce2503f1d0d6e2ee0615184cfb96db2907fcb08d454e"
  name = "github.com/davidlazar/go-crypto"
  packages = ["salsa20"]
  pruneopts = "UT"
  revision = "dcfb0a7ac018a248366f96bcd8a2f8c805d7b268"

[[projects]]
  digest = "1:d1341a04a4443bba8c8af76ec6c3960206074490a1284b4853ff5a88a66c63b7"
  name = "github.com/fd/go-nat"
  packages = ["."]
  pruneopts = "UT"
  revision = "bad65a492f32121a87197f4a085905c35e2a367e"
  version = "v1.0.0"

[[projects]]
  digest = "1:2537bea8e6a4a90946bcd145cbdbd6f54d2dc263b3dee0ad96894e555a474f8b"
  name = "github.com/gogo/protobuf"
  packages = [
    "io",
    "proto",
  ]
  pruneopts = "UT"
  revision = "636bf0302bc95575d69441b25a2603156ffdddf1"
  version = "v1.1.1"

[[projects]]
  digest = "1:8f8811f9be822914c3a25c6a071e93beb4c805d7b026cbf298bc577bc1cc945b"
  name = "github.com/google/uuid"
  packages = ["."]
  pruneopts = "UT"
  revision = "064e2069ce9c359c118179501254f67d7d37ba24"
  version = "0.2"

[[projects]]
  digest = "1:cee8e8ac80df6373e7daa11baf1f98c1b6f7242c49ccae7e1ec34a971dc408d9"
  name = "github.com/gorilla/websocket"
  packages = ["."]
  pruneopts = "UT"
  revision = "3ff3320c2a1756a3691521efc290b4701575147c"
  version = "v1.3.0"

[[projects]]
  branch = "master"
  digest = "1:e3ddd1f59d3c84917c99ecb1c3420aa6899f6df7495ba9414c13732b2e9568dd"
  name = "github.com/gxed/hashland"
  packages = ["keccakpg"]
  pruneopts = "UT"
  revision = "d9f6b97f8db22dd1e090fd0bbbe98f09cc7dd0a8"

[[projects]]
  digest = "1:07671f8997086ed115824d1974507d2b147d1e0463675ea5dbf3be89b1c2c563"
  name = "github.com/hashicorp/errwrap"
  packages = ["."]
  pruneopts = "UT"
  revision = "7554cd9344cec97297fa6649b055a8c98c2a1e55"

[[projects]]
  branch = "master"
  digest = "1:46fb6a9f1b9667f32ac93e08b1da118b2c666991424ea12e848b05d4fe5155ef"
  name = "github.com/hashicorp/go-multierror"
  packages = ["."]
  pruneopts = "UT"
  revision = "3d5d8f294aa03d8e98859feac328afbdf1ae0703"

[[projects]]
  digest = "1:cf296baa185baae04a9a7004efee8511d08e2f5f51d4cbe5375da89722d681db"
  name = "github.com/hashicorp/golang-lru"
  packages = [
    ".",
    "simplelru",
  ]
  pruneopts = "UT"
  revision = "0fb14efe8c47ae851c0034ed7a448854d3d34cf3"

[[projects]]
  branch = "master"
  digest = "1:3f5e7a4329f76e2617bf094eb5eec2ec2eff590d145c0beb32bac699628dea7d"
  name = "github.com/huin/goupnp"
  packages = [
    ".",
    "dcps/internetgateway1",
    "dcps/internetgateway2",
    "httpu",
    "scpd",
    "soap",
    "ssdp",
  ]
  pruneopts = "UT"
  revision = "1395d1447324cbea88d249fbfcfd70ea878fdfca"

[[projects]]
  digest = "1:422e8e276cce61f8290128e40feac3cc33c3d527f19866ab4195d7a7b7a2b764"
  name = "github.com/ipfs/go-ipfs"
  packages = ["."]
  pruneopts = "UT"
  revision = "dfd19c470e162ef906382683fd743a8571cede95"
  version = "v0.4.17"

[[projects]]
  branch = "master"
  digest = "1:d3794277ee199124c20692468e9c994252e46983bbcfbadab222a99261df0fe4"
  name = "github.com/ipsn/go-ipfs"
  packages = [
    "core",
    "core/coreapi/interface",
    "core/coreapi/interface/options",
    "core/coreunix",
    "dagutils",
    "exchange/reprovide",
    "filestore",
    "filestore/pb",
    "fuse/mount",
    "gxlibs/github.com/Stebalien/go-bitfield",
    "gxlibs/github.com/gxed/GoEndian",
    "gxlibs/github.com/gxed/eventfd",
    "gxlibs/github.com/gxed/pubsub",
    "gxlibs/github.com/ipfs/bbloom",
    "gxlibs/github.com/ipfs/go-bitswap",
    "gxlibs/github.com/ipfs/go-bitswap/decision",
    "gxlibs/github.com/ipfs/go-bitswap/message",
    "gxlibs/github.com/ipfs/go-bitswap/message/pb",
    "gxlibs/github.com/ipfs/go-bitswap/network",
    "gxlibs/github.com/ipfs/go-bitswap/notifications",
    "gxlibs/github.com/ipfs/go-bitswap/testnet",
    "gxlibs/github.com/ipfs/go-bitswap/wantlist",
    "gxlibs/github.com/ipfs/go-block-format",
    "gxlibs/github.com/ipfs/go-blockservice",
    "gxlibs/github.com/ipfs/go-cid",
    "gxlibs/github.com/ipfs/go-datastore",
    "gxlibs/github.com/ipfs/go-datastore/autobatch",
    "gxlibs/github.com/ipfs/go-datastore/delayed",
    "gxlibs/github.com/ipfs/go-datastore/keytransform",
    "gxlibs/github.com/ipfs/go-datastore/namespace",
    "gxlibs/github.com/ipfs/go-datastore/query",
    "gxlibs/github.com/ipfs/go-datastore/retrystore",
    "gxlibs/github.com/ipfs/go-datastore/sync",
    "gxlibs/github.com/ipfs/go-ipfs-addr",
    "gxlibs/github.com/ipfs/go-ipfs-blockstore",
    "gxlibs/github.com/ipfs/go-ipfs-chunker",
    "gxlibs/github.com/ipfs/go-ipfs-cmdkit/files",
    "gxlibs/github.com/ipfs/go-ipfs-config",
    "gxlibs/github.com/ipfs/go-ipfs-delay",
    "gxlibs/github.com/ipfs/go-ipfs-ds-help",
    "gxlibs/github.com/ipfs/go-ipfs-exchange-interface",
    "gxlibs/github.com/ipfs/go-ipfs-exchange-offline",
    "gxlibs/github.com/ipfs/go-ipfs-flags",
    "gxlibs/github.com/ipfs/go-ipfs-posinfo",
    "gxlibs/github.com/ipfs/go-ipfs-pq",
    "gxlibs/github.com/ipfs/go-ipfs-routing/mock",
    "gxlibs/github.com/ipfs/go-ipfs-routing/none",
    "gxlibs/github.com/ipfs/go-ipfs-routing/offline",
    "gxlibs/github.com/ipfs/go-ipfs-util",
    "gxlibs/github.com/ipfs/go-ipld-cbor",
    "gxlibs/github.com/ipfs/go-ipld-format",
    "gxlibs/github.com/ipfs/go-ipns",
    "gxlibs/github.com/ipfs/go-ipns/pb",
    "gxlibs/github.com/ipfs/go-log",
    "gxlibs/github.com/ipfs/go-log/tracer",
    "gxlibs/github.com/ipfs/go-log/tracer/wire",
    "gxlibs/github.com/ipfs/go-log/writer",
    "gxlibs/github.com/ipfs/go-merkledag",
    "gxlibs/github.com/ipfs/go-merkledag/pb",
    "gxlibs/github.com/ipfs/go-metrics-interface",
    "gxlibs/github.com/ipfs/go-mfs",
    "gxlibs/github.com/ipfs/go-path",
    "gxlibs/github.com/ipfs/go-path/resolver",
    "gxlibs/github.com/ipfs/go-todocounter",
    "gxlibs/github.com/ipfs/go-unixfs",
    "gxlibs/github.com/ipfs/go-unixfs/hamt",
    "gxlibs/github.com/ipfs/go-unixfs/importer/balanced",
    "gxlibs/github.com/ipfs/go-unixfs/importer/helpers",
    "gxlibs/github.com/ipfs/go-unixfs/importer/trickle",
    "gxlibs/github.com/ipfs/go-unixfs/io",
    "gxlibs/github.com/ipfs/go-unixfs/mod",
    "gxlibs/github.com/ipfs/go-unixfs/pb",
    "gxlibs/github.com/ipfs/go-verifcid",
    "gxlibs/github.com/jbenet/goprocess",
    "gxlibs/github.com/jbenet/goprocess/context",
    "gxlibs/github.com/jbenet/goprocess/periodic",
    "gxlibs/github.com/libp2p/go-addr-util",
    "gxlibs/github.com/libp2p/go-conn-security",
    "gxlibs/github.com/libp2p/go-conn-security-multistream",
    "gxlibs/github.com/libp2p/go-conn-security/insecure",
    "gxlibs/github.com/libp2p/go-floodsub",
    "gxlibs/github.com/libp2p/go-floodsub/pb",
    "gxlibs/github.com/libp2p/go-flow-metrics",
    "gxlibs/github.com/libp2p/go-libp2p",
    "gxlibs/github.com/libp2p/go-libp2p-circuit",
    "gxlibs/github.com/libp2p/go-libp2p-circuit/pb",
    "gxlibs/github.com/libp2p/go-libp2p-connmgr",
    "gxlibs/github.com/libp2p/go-libp2p-crypto",
    "gxlibs/github.com/libp2p/go-libp2p-crypto/pb",
    "gxlibs/github.com/libp2p/go-libp2p-host",
    "gxlibs/github.com/libp2p/go-libp2p-interface-connmgr",
    "gxlibs/github.com/libp2p/go-libp2p-interface-pnet",
    "gxlibs/github.com/libp2p/go-libp2p-kad-dht",
    "gxlibs/github.com/libp2p/go-libp2p-kad-dht/opts",
    "gxlibs/github.com/libp2p/go-libp2p-kad-dht/pb",
    "gxlibs/github.com/libp2p/go-libp2p-kad-dht/providers",
    "gxlibs/github.com/libp2p/go-libp2p-kbucket",
    "gxlibs/github.com/libp2p/go-libp2p-kbucket/keyspace",
    "gxlibs/github.com/libp2p/go-libp2p-loggables",
    "gxlibs/github.com/libp2p/go-libp2p-metrics",
    "gxlibs/github.com/libp2p/go-libp2p-nat",
    "gxlibs/github.com/libp2p/go-libp2p-net",
    "gxlibs/github.com/libp2p/go-libp2p-netutil",
    "gxlibs/github.com/libp2p/go-libp2p-peer",
    "gxlibs/github.com/libp2p/go-libp2p-peer/peerset",
    "gxlibs/github.com/libp2p/go-libp2p-peer/test",
    "gxlibs/github.com/libp2p/go-libp2p-peerstore",
    "gxlibs/github.com/libp2p/go-libp2p-peerstore/addr",
    "gxlibs/github.com/libp2p/go-libp2p-peerstore/queue",
    "gxlibs/github.com/libp2p/go-libp2p-pnet",
    "gxlibs/github.com/libp2p/go-libp2p-protocol",
    "gxlibs/github.com/libp2p/go-libp2p-pubsub-router",
    "gxlibs/github.com/libp2p/go-libp2p-record",
    "gxlibs/github.com/libp2p/go-libp2p-record/pb",
    "gxlibs/github.com/libp2p/go-libp2p-routing",
    "gxlibs/github.com/libp2p/go-libp2p-routing-helpers",
    "gxlibs/github.com/libp2p/go-libp2p-routing/notifications",
    "gxlibs/github.com/libp2p/go-libp2p-routing/options",
    "gxlibs/github.com/libp2p/go-libp2p-secio",
    "gxlibs/github.com/libp2p/go-libp2p-secio/pb",
    "gxlibs/github.com/libp2p/go-libp2p-swarm",
    "gxlibs/github.com/libp2p/go-libp2p-transport",
    "gxlibs/github.com/libp2p/go-libp2p-transport-upgrader",
    "gxlibs/github.com/libp2p/go-libp2p/config",
    "gxlibs/github.com/libp2p/go-libp2p/p2p/discovery",
    "gxlibs/github.com/libp2p/go-libp2p/p2p/host/basic",
    "gxlibs/github.com/libp2p/go-libp2p/p2p/host/routed",
    "gxlibs/github.com/libp2p/go-libp2p/p2p/net/mock",
    "gxlibs/github.com/libp2p/go-libp2p/p2p/protocol/identify",
    "gxlibs/github.com/libp2p/go-libp2p/p2p/protocol/identify/pb",
    "gxlibs/github.com/libp2p/go-libp2p/p2p/protocol/ping",
    "gxlibs/github.com/libp2p/go-maddr-filter",
    "gxlibs/github.com/libp2p/go-msgio",
    "gxlibs/github.com/libp2p/go-msgio/mpool",
    "gxlibs/github.com/libp2p/go-reuseport",
    "gxlibs/github.com/libp2p/go-reuseport-transport",
    "gxlibs/github.com/libp2p/go-reuseport/poll",
    "gxlibs/github.com/libp2p/go-reuseport/singlepoll",
    "gxlibs/github.com/libp2p/go-sockaddr/net",
    "gxlibs/github.com/libp2p/go-stream-muxer",
    "gxlibs/github.com/libp2p/go-tcp-transport",
    "gxlibs/github.com/libp2p/go-testutil",
    "gxlibs/github.com/libp2p/go-ws-transport",
    "gxlibs/github.com/multiformats/go-multiaddr",
    "gxlibs/github.com/multiformats/go-multiaddr-dns",
    "gxlibs/github.com/multiformats/go-multiaddr-net",
    "gxlibs/github.com/multiformats/go-multibase",
    "gxlibs/github.com/multiformats/go-multicodec",
    "gxlibs/github.com/multiformats/go-multicodec/base",
    "gxlibs/github.com/multiformats/go-multicodec/base/b64",
    "gxlibs/github.com/multiformats/go-multicodec/base/bin",
    "gxlibs/github.com/multiformats/go-multicodec/base/hex",
    "gxlibs/github.com/multiformats/go-multicodec/base/mux",
    "gxlibs/github.com/multiformats/go-multicodec/cbor",
    "gxlibs/github.com/multiformats/go-multicodec/json",
    "gxlibs/github.com/multiformats/go-multicodec/mux",
    "gxlibs/github.com/multiformats/go-multihash",
    "gxlibs/github.com/multiformats/go-multistream",
    "gxlibs/github.com/whyrusleeping/base32",
    "gxlibs/github.com/whyrusleeping/cbor/go",
    "gxlibs/github.com/whyrusleeping/chunker",
    "gxlibs/github.com/whyrusleeping/go-keyspace",
    "gxlibs/github.com/whyrusleeping/go-multiplex",
    "gxlibs/github.com/whyrusleeping/go-notifier",
    "gxlibs/github.com/whyrusleeping/go-notifier/Godeps/_workspace/src/github.com/jbenet/goprocess",
    "gxlibs/github.com/whyrusleeping/go-notifier/Godeps/_workspace/src/github.com/jbenet/goprocess/ratelimit",
    "gxlibs/github.com/whyrusleeping/go-smux-multiplex",
    "gxlibs/github.com/whyrusleeping/go-smux-multistream",
    "gxlibs/github.com/whyrusleeping/go-smux-yamux",
    "gxlibs/github.com/whyrusleeping/mafmt",
    "gxlibs/github.com/whyrusleeping/mdns",
    "gxlibs/github.com/whyrusleeping/multiaddr-filter",
    "gxlibs/github.com/whyrusleeping/timecache",
    "gxlibs/github.com/whyrusleeping/yamux",
    "keystore",
    "namesys",
    "namesys/opts",
    "namesys/republisher",
    "p2p",
    "pin",
    "pin/internal/pb",
    "repo",
    "thirdparty/cidv0v1",
    "thirdparty/math2",
    "thirdparty/verifbs",
  ]
  pruneopts = "UT"
  revision = "b95a8feb6bbe407794888b56c1eb422883341f72"

[[projects]]
  digest = "1:6b8866cc9496eada254debc24199981e21fd70fd0031ff7a581ac91be47187bb"
  name = "github.com/jackpal/gateway"
  packages = ["."]
  pruneopts = "UT"
  revision = "3e333950771011fed13be63e62b9f473c5e0d9bf"
  version = "v1.0.4"

[[projects]]
  digest = "1:32b82e71cf24f8b78323e0d7903c4b90278486283965aa2a19b1ea13763b8f34"
  name = "github.com/jackpal/go-nat-pmp"
  packages = ["."]
  pruneopts = "UT"
  revision = "c9cfead9f2a36ddf3daa40ba269aa7f4bbba6b62"
  version = "v1.0.1"

[[projects]]
  branch = "master"
  digest = "1:62fe3a7ea2050ecbd753a71889026f83d73329337ada66325cbafd5dea5f713d"
  name = "github.com/jbenet/go-context"
  packages = ["io"]
  pruneopts = "UT"
  revision = "d14ea06fba99483203c19d92cfcd13ebe73135f4"

[[projects]]
  branch = "master"
  digest = "1:26c963b26ddba1d3891e1ef126ec547d8ab62b849fc5cce0c8157852c8d870d5"
  name = "github.com/jbenet/go-is-domain"
  packages = ["."]
  pruneopts = "UT"
  revision = "ba9815c809e0dc052e170d8a8920c4636a819977"

[[projects]]
  branch = "master"
  digest = "1:8f4aedc183dc8dfef9a7a1f1ba205dc87ecd2675eea350a736bda889e3bcf8ea"
  name = "github.com/jbenet/go-temp-err-catcher"
  packages = ["."]
  pruneopts = "UT"
  revision = "aac704a3f4f27190b4ccc05f303a4931fd1241ff"

[[projects]]
  digest = "1:c658e84ad3916da105a761660dcaeb01e63416c8ec7bc62256a9b411a05fcd67"
  name = "github.com/mattn/go-colorable"
  packages = ["."]
  pruneopts = "UT"
  revision = "167de6bfdfba052fa6b2d3664c8f5272e23c9072"
  version = "v0.0.9"

[[projects]]
  digest = "1:d4d17353dbd05cb52a2a52b7fe1771883b682806f68db442b436294926bbfafb"
  name = "github.com/mattn/go-isatty"
  packages = ["."]
  pruneopts = "UT"
  revision = "0360b2af4f38e8d38c7fce2a9f4e702702d73a39"
  version = "v0.0.3"

[[projects]]
  digest = "1:463e4140189f8194f9121ca1c7fe3b8e9e9a2ab3d949b43c835c21034927dc62"
  name = "github.com/miekg/dns"
  packages = ["."]
  pruneopts = "UT"
  revision = "5a2b9fab83ff0f8bfc99684bd5f43a37abe560f1"
  version = "v1.0.8"

[[projects]]
  branch = "master"
  digest = "1:130cefe87d7eeefc824978dcb78e35672d4c49a11f25c153fbf0cfd952756fa3"
  name = "github.com/minio/blake2b-simd"
  packages = ["."]
  pruneopts = "UT"
  revision = "3f5f724cb5b182a5c278d6d3d55b40e7f8c2efb4"

[[projects]]
  branch = "master"
  digest = "1:17e048d1af8833670439d1ad0c92305fc1ad503e5d03f37ee667c0074df0fd03"
  name = "github.com/minio/sha256-simd"
  packages = ["."]
  pruneopts = "UT"
  revision = "ad98a36ba0da87206e3378c556abbfeaeaa98668"

[[projects]]
  digest = "1:2d51144e9d0043830e20ed07cc2b3db916825eb518daed9d5cc059df7075924e"
  name = "github.com/mitchellh/go-homedir"
  packages = ["."]
  pruneopts = "UT"
  revision = "1f6da4a72e57d4e7edd4a7295a585e0a3999a2d4"

[[projects]]
  branch = "master"
  digest = "1:b9b9f43a8a410d633e6547f89e830926741070941f2243d4d3a0bb154f565c9e"
  name = "github.com/mr-tron/base58"
  packages = ["base58"]
  pruneopts = "UT"
  revision = "f84df45a6b88974a98d1473e9f0de0eac859a3d9"

[[projects]]
  digest = "1:450b7623b185031f3a456801155c8320209f75d0d4c4e633c6b1e59d44d6e392"
  name = "github.com/opentracing/opentracing-go"
  packages = [
    ".",
    "ext",
    "log",
  ]
  pruneopts = "UT"
  revision = "1949ddbfd147afd4d964a9f00b24eb291e0e7c38"
  version = "v1.0.2"

[[projects]]
  digest = "1:919bb3aa6d9d0b67648c219fa4925312bc3c2872da19e818fa769e9c97a2b643"
  name = "github.com/spaolacci/murmur3"
  packages = ["."]
  pruneopts = "UT"
  revision = "9f5d223c60793748f04a9d5b4b4eacddfc1f755d"
  version = "v1.1"

[[projects]]
  branch = "master"
  digest = "1:0102dfa2f98777db8ff68c920bef1be3ff8504e90485b6cdd24d61b981b487b6"
  name = "github.com/whyrusleeping/go-logging"
  packages = ["."]
  pruneopts = "UT"
  revision = "0457bb6b88fc1973573aaf6b5145d8d3ae972390"

[[projects]]
  branch = "master"
  digest = "1:8e21d61566ad130806040e02da3b02e6544d1b5effc46fa2daf112433ea288e6"
  name = "golang.org/x/crypto"
  packages = [
    "blake2s",
    "blowfish",
    "ed25519",
    "ed25519/internal/edwards25519",
    "internal/subtle",
    "salsa20",
    "salsa20/salsa",
    "sha3",
  ]
  pruneopts = "UT"
  revision = "614d502a4dac94afa3a6ce146bd1736da82514c6"

[[projects]]
  branch = "master"
  digest = "1:fc60565dd3b8430ab4d68703b53926a8fd770a2d5a985f7f90ab84066153d956"
  name = "golang.org/x/net"
  packages = [
    "bpf",
    "context",
    "html",
    "html/atom",
    "html/charset",
    "internal/iana",
    "internal/socket",
    "ipv4",
    "ipv6",
  ]
  pruneopts = "UT"
  revision = "922f4815f713f213882e8ef45e0d315b164d705c"

[[projects]]
  branch = "master"
  digest = "1:baade100e8216e5056a39f419c6ed447cbb7ce225739651b2f246629d681ba2f"
  name = "golang.org/x/sys"
  packages = [
    "cpu",
    "unix",
    "windows",
  ]
  pruneopts = "UT"
  revision = "3b58ed4ad3395d483fc92d5d14123ce2c3581fec"

[[projects]]
  digest = "1:aa4d6967a3237f8367b6bf91503964a77183ecf696f1273e8ad3551bb4412b5f"
  name = "golang.org/x/text"
  packages = [
    "encoding",
    "encoding/charmap",
    "encoding/htmlindex",
    "encoding/internal",
    "encoding/internal/identifier",
    "encoding/japanese",
    "encoding/korean",
    "encoding/simplifiedchinese",
    "encoding/traditionalchinese",
    "encoding/unicode",
    "internal/gen",
    "internal/tag",
    "internal/utf8internal",
    "language",
    "runes",
    "transform",
    "unicode/cldr",
  ]
  pruneopts = "UT"
  revision = "f21a4dfb5e38f5895301dc265a8def02365cc3d0"
  version = "v0.3.0"

[solve-meta]
  analyzer-name = "dep"
  analyzer-version = 1
  input-imports = [
    "github.com/ipsn/go-ipfs/core",
    "github.com/ipsn/go-ipfs/core/coreunix",
  ]
  solver-name = "gps-cdcl"
  solver-version = 1
